
Microsoft Visual Studio Solution File, Format Version 12.00
# Visual Studio Version 17
VisualStudioVersion = 17.14.36429.23
MinimumVisualStudioVersion = 10.0.40219.1
Project("{FAE04EC0-301F-11D3-BF4B-00C04F79EFBC}") = "ShipBOT", "ShipBOT.csproj", "{3E2ED158-A312-EB16-FC99-55589AE11F92}"
EndProject
Project("{FAE04EC0-301F-11D3-BF4B-00C04F79EFBC}") = "LuoliCommon", "..\..\Common\LuoliCommon\LuoliCommon.csproj", "{9217CF9C-D562-3D97-7BC3-9172E6A6C66E}"
EndProject
Project("{FAE04EC0-301F-11D3-BF4B-00C04F79EFBC}") = "LuoliDatabase", "..\..\Common\LuoliDatabase\LuoliDatabase.csproj", "{1B5A90AB-CD96-C9E1-7EE9-94AEC9A0EB19}"
EndProject
Project("{FAE04EC0-301F-11D3-BF4B-00C04F79EFBC}") = "LuoliUtils", "..\..\Common\LuoliUtils\LuoliUtils.csproj", "{80E19BD4-B30C-A8D8-C4B6-CB5BADBEEEB4}"
EndProject
Project("{FAE04EC0-301F-11D3-BF4B-00C04F79EFBC}") = "ThirdApis", "..\..\Common\ThirdApis\ThirdApis.csproj", "{D1F73E21-66C4-46A8-87D0-ABA7FA4B9A0F}"
EndProject
Global
	GlobalSection(SolutionConfigurationPlatforms) = preSolution
		Debug|Any CPU = Debug|Any CPU
		Release|Any CPU = Release|Any CPU
	EndGlobalSection
	GlobalSection(ProjectConfigurationPlatforms) = postSolution
		{3E2ED158-A312-EB16-FC99-55589AE11F92}.Debug|Any CPU.ActiveCfg = Debug|Any CPU
		{3E2ED158-A312-EB16-FC99-55589AE11F92}.Debug|Any CPU.Build.0 = Debug|Any CPU
		{3E2ED158-A312-EB16-FC99-55589AE11F92}.Release|Any CPU.ActiveCfg = Release|Any CPU
		{3E2ED158-A312-EB16-FC99-55589AE11F92}.Release|Any CPU.Build.0 = Release|Any CPU
		{9217CF9C-D562-3D97-7BC3-9172E6A6C66E}.Debug|Any CPU.ActiveCfg = Debug|Any CPU
		{9217CF9C-D562-3D97-7BC3-9172E6A6C66E}.Debug|Any CPU.Build.0 = Debug|Any CPU
		{9217CF9C-D562-3D97-7BC3-9172E6A6C66E}.Release|Any CPU.ActiveCfg = Release|Any CPU
		{9217CF9C-D562-3D97-7BC3-9172E6A6C66E}.Release|Any CPU.Build.0 = Release|Any CPU
		{1B5A90AB-CD96-C9E1-7EE9-94AEC9A0EB19}.Debug|Any CPU.ActiveCfg = Debug|Any CPU
		{1B5A90AB-CD96-C9E1-7EE9-94AEC9A0EB19}.Debug|Any CPU.Build.0 = Debug|Any CPU
		{1B5A90AB-CD96-C9E1-7EE9-94AEC9A0EB19}.Release|Any CPU.ActiveCfg = Release|Any CPU
		{1B5A90AB-CD96-C9E1-7EE9-94AEC9A0EB19}.Release|Any CPU.Build.0 = Release|Any CPU
		{80E19BD4-B30C-A8D8-C4B6-CB5BADBEEEB4}.Debug|Any CPU.ActiveCfg = Debug|Any CPU
		{80E19BD4-B30C-A8D8-C4B6-CB5BADBEEEB4}.Debug|Any CPU.Build.0 = Debug|Any CPU
		{80E19BD4-B30C-A8D8-C4B6-CB5BADBEEEB4}.Release|Any CPU.ActiveCfg = Release|Any CPU
		{80E19BD4-B30C-A8D8-C4B6-CB5BADBEEEB4}.Release|Any CPU.Build.0 = Release|Any CPU
		{D1F73E21-66C4-46A8-87D0-ABA7FA4B9A0F}.Debug|Any CPU.ActiveCfg = Debug|Any CPU
		{D1F73E21-66C4-46A8-87D0-ABA7FA4B9A0F}.Debug|Any CPU.Build.0 = Debug|Any CPU
		{D1F73E21-66C4-46A8-87D0-ABA7FA4B9A0F}.Release|Any CPU.ActiveCfg = Release|Any CPU
		{D1F73E21-66C4-46A8-87D0-ABA7FA4B9A0F}.Release|Any CPU.Build.0 = Release|Any CPU
	EndGlobalSection
	GlobalSection(SolutionProperties) = preSolution
		HideSolutionNode = FALSE
	EndGlobalSection
	GlobalSection(ExtensibilityGlobals) = postSolution
		SolutionGuid = {0225309B-39FD-482C-AFC6-D5F85B47BB76}
	EndGlobalSection
EndGlobal
